
Microsoft Visual Studio Solution File, Format Version 12.00
# Visual Studio Version 17
VisualStudioVersion = 17.5.33530.505
MinimumVisualStudioVersion = 10.0.40219.1
Project("{9A19103F-16F7-4668-BE54-9A1E7A4F7556}") = "U_MENYA_SDOXLA_MAT", "U_MENYA_SDOXLA_MAT.csproj", "{EAC66453-5FE4-495C-BA5B-75103E2AB4CE}"
EndProject
Project("{2150E333-8FDC-42A3-9474-1A3956D46DE8}") = "Элементы решения", "Элементы решения", "{3F7E9D0F-F2E8-4BEE-B48B-7421C4610320}"
	ProjectSection(SolutionItems) = preProject
		edsfiugxdsfikg90dfongdijgmio.cs = edsfiugxdsfikg90dfongdijgmio.cs
	EndProjectSection
EndProject
Global
	GlobalSection(SolutionConfigurationPlatforms) = preSolution
		Debug|Any CPU = Debug|Any CPU
		Debug|x64 = Debug|x64
		Release|Any CPU = Release|Any CPU
		Release|x64 = Release|x64
	EndGlobalSection
	GlobalSection(ProjectConfigurationPlatforms) = postSolution
		{EAC66453-5FE4-495C-BA5B-75103E2AB4CE}.Debug|Any CPU.ActiveCfg = Debug|Any CPU
		{EAC66453-5FE4-495C-BA5B-75103E2AB4CE}.Debug|Any CPU.Build.0 = Debug|Any CPU
		{EAC66453-5FE4-495C-BA5B-75103E2AB4CE}.Debug|x64.ActiveCfg = Debug|x64
		{EAC66453-5FE4-495C-BA5B-75103E2AB4CE}.Debug|x64.Build.0 = Debug|x64
		{EAC66453-5FE4-495C-BA5B-75103E2AB4CE}.Release|Any CPU.ActiveCfg = Release|Any CPU
		{EAC66453-5FE4-495C-BA5B-75103E2AB4CE}.Release|Any CPU.Build.0 = Release|Any CPU
		{EAC66453-5FE4-495C-BA5B-75103E2AB4CE}.Release|x64.ActiveCfg = Release|x64
		{EAC66453-5FE4-495C-BA5B-75103E2AB4CE}.Release|x64.Build.0 = Release|x64
	EndGlobalSection
	GlobalSection(SolutionProperties) = preSolution
		HideSolutionNode = FALSE
	EndGlobalSection
	GlobalSection(ExtensibilityGlobals) = postSolution
		SolutionGuid = {60F355B8-A12D-4E24-B3DB-93763F575E5C}
	EndGlobalSection
EndGlobal
