
Microsoft Visual Studio Solution File, Format Version 12.00
# Visual Studio Version 17
VisualStudioVersion = 17.5.33530.505
MinimumVisualStudioVersion = 10.0.40219.1
Project("{FAE04EC0-301F-11D3-BF4B-00C04F79EFBC}") = "U_MENYA_SDOXLA_MAT", "U_MENYA_SDOXLA_MAT.csproj", "{EAC66453-5FE4-495C-BA5B-75103E2AB4CE}"
EndProject
Global
	GlobalSection(SolutionConfigurationPlatforms) = preSolution
		Debug|Any CPU = Debug|Any CPU
		Debug|x64 = Debug|x64
		Release|Any CPU = Release|Any CPU
		Release|x64 = Release|x64
	EndGlobalSection
	GlobalSection(ProjectConfigurationPlatforms) = postSolution
		{EAC66453-5FE4-495C-BA5B-75103E2AB4CE}.Debug|Any CPU.ActiveCfg = Debug|Any CPU
		{EAC66453-5FE4-495C-BA5B-75103E2AB4CE}.Debug|Any CPU.Build.0 = Debug|Any CPU
		{EAC66453-5FE4-495C-BA5B-75103E2AB4CE}.Debug|x64.ActiveCfg = Debug|x64
		{EAC66453-5FE4-495C-BA5B-75103E2AB4CE}.Debug|x64.Build.0 = Debug|x64
		{EAC66453-5FE4-495C-BA5B-75103E2AB4CE}.Release|Any CPU.ActiveCfg = Release|Any CPU
		{EAC66453-5FE4-495C-BA5B-75103E2AB4CE}.Release|Any CPU.Build.0 = Release|Any CPU
		{EAC66453-5FE4-495C-BA5B-75103E2AB4CE}.Release|x64.ActiveCfg = Release|x64
		{EAC66453-5FE4-495C-BA5B-75103E2AB4CE}.Release|x64.Build.0 = Release|x64
	EndGlobalSection
	GlobalSection(SolutionProperties) = preSolution
		HideSolutionNode = FALSE
	EndGlobalSection
	GlobalSection(ExtensibilityGlobals) = postSolution
		SolutionGuid = {60F355B8-A12D-4E24-B3DB-93763F575E5C}
	EndGlobalSection
EndGlobal
